
Microsoft Visual Studio Solution File, Format Version 12.00
# Visual Studio Version 17
VisualStudioVersion = 17.14.36212.18 d17.14
MinimumVisualStudioVersion = 10.0.40219.1
Project("{FAE04EC0-301F-11D3-BF4B-00C04F79EFBC}") = "TechShop", "TechShop\TechShop.csproj", "{8433BBA4-19C4-4F06-AA5C-8271E3B8C322}"
EndProject
Global
	GlobalSection(SolutionConfigurationPlatforms) = preSolution
		Debug|Any CPU = Debug|Any CPU
		Release|Any CPU = Release|Any CPU
	EndGlobalSection
	GlobalSection(ProjectConfigurationPlatforms) = postSolution
		{8433BBA4-19C4-4F06-AA5C-8271E3B8C322}.Debug|Any CPU.ActiveCfg = Debug|Any CPU
		{8433BBA4-19C4-4F06-AA5C-8271E3B8C322}.Debug|Any CPU.Build.0 = Debug|Any CPU
		{8433BBA4-19C4-4F06-AA5C-8271E3B8C322}.Release|Any CPU.ActiveCfg = Release|Any CPU
		{8433BBA4-19C4-4F06-AA5C-8271E3B8C322}.Release|Any CPU.Build.0 = Release|Any CPU
	EndGlobalSection
	GlobalSection(SolutionProperties) = preSolution
		HideSolutionNode = FALSE
	EndGlobalSection
	GlobalSection(ExtensibilityGlobals) = postSolution
		SolutionGuid = {D4E6F526-1561-4A90-8EEE-632270110F0C}
	EndGlobalSection
EndGlobal
